
Microsoft Visual Studio Solution File, Format Version 12.00
# Visual Studio 2012
Project("{FAE04EC0-301F-11D3-BF4B-00C04F79EFBC}") = "MechVal", "MechVal\MechVal.csproj", "{65373886-921E-42C5-A4F3-B49F605FCEB7}"
EndProject
Global
	GlobalSection(SolutionConfigurationPlatforms) = preSolution
		Debug|Any CPU = Debug|Any CPU
		Release|Any CPU = Release|Any CPU
	EndGlobalSection
	GlobalSection(ProjectConfigurationPlatforms) = postSolution
		{65373886-921E-42C5-A4F3-B49F605FCEB7}.Debug|Any CPU.ActiveCfg = Debug|Any CPU
		{65373886-921E-42C5-A4F3-B49F605FCEB7}.Debug|Any CPU.Build.0 = Debug|Any CPU
		{65373886-921E-42C5-A4F3-B49F605FCEB7}.Release|Any CPU.ActiveCfg = Release|Any CPU
		{65373886-921E-42C5-A4F3-B49F605FCEB7}.Release|Any CPU.Build.0 = Release|Any CPU
	EndGlobalSection
EndGlobal
